
Microsoft Visual Studio Solution File, Format Version 12.00
# Visual Studio 15
VisualStudioVersion = 15.0.27004.2005
MinimumVisualStudioVersion = 10.0.40219.1
Project("{FAE04EC0-301F-11D3-BF4B-00C04F79EFBC}") = "SeriesBot", "SeriesBot\SeriesBot.csproj", "{97C91678-4323-4C99-81AD-AFF3C862CE8D}"
EndProject
Project("{FAE04EC0-301F-11D3-BF4B-00C04F79EFBC}") = "SeriesKeeperCore", "SeriesKeeperCore\SeriesKeeperCore.csproj", "{267CAA21-3B82-4965-BD3E-113215986DED}"
EndProject
Global
	GlobalSection(SolutionConfigurationPlatforms) = preSolution
		Debug|Any CPU = Debug|Any CPU
		Release|Any CPU = Release|Any CPU
	EndGlobalSection
	GlobalSection(ProjectConfigurationPlatforms) = postSolution
		{97C91678-4323-4C99-81AD-AFF3C862CE8D}.Debug|Any CPU.ActiveCfg = Debug|Any CPU
		{97C91678-4323-4C99-81AD-AFF3C862CE8D}.Debug|Any CPU.Build.0 = Debug|Any CPU
		{97C91678-4323-4C99-81AD-AFF3C862CE8D}.Release|Any CPU.ActiveCfg = Release|Any CPU
		{97C91678-4323-4C99-81AD-AFF3C862CE8D}.Release|Any CPU.Build.0 = Release|Any CPU
		{267CAA21-3B82-4965-BD3E-113215986DED}.Debug|Any CPU.ActiveCfg = Debug|Any CPU
		{267CAA21-3B82-4965-BD3E-113215986DED}.Debug|Any CPU.Build.0 = Debug|Any CPU
		{267CAA21-3B82-4965-BD3E-113215986DED}.Release|Any CPU.ActiveCfg = Release|Any CPU
		{267CAA21-3B82-4965-BD3E-113215986DED}.Release|Any CPU.Build.0 = Release|Any CPU
	EndGlobalSection
	GlobalSection(SolutionProperties) = preSolution
		HideSolutionNode = FALSE
	EndGlobalSection
	GlobalSection(ExtensibilityGlobals) = postSolution
		SolutionGuid = {C8C993D1-CE8C-4E28-99F3-45CEFEDF3892}
	EndGlobalSection
EndGlobal
